
Microsoft Visual Studio Solution File, Format Version 12.00
# Visual Studio Version 17
VisualStudioVersion = 17.6.33626.354
MinimumVisualStudioVersion = 10.0.40219.1
Project("{2150E333-8FDC-42A3-9474-1A3956D46DE8}") = "Microsoft", "Microsoft", "{5745E6E0-A5FC-4211-ADF2-7DCA88E16C1E}"
EndProject
Project("{2150E333-8FDC-42A3-9474-1A3956D46DE8}") = "Graph", "Graph", "{A4F33D3F-2601-4A2E-AB2D-0C2B1E640A96}"
EndProject
Project("{9A19103F-16F7-4668-BE54-9A1E7A4F7556}") = "GetUsersConsoleApp", "src\microsoft\graph\ConsoleApp-GetAccessToken-GetUsers\GetUsersConsoleApp.csproj", "{851615D4-7E72-4718-9511-3D9D212583A3}"
EndProject
Global
	GlobalSection(SolutionConfigurationPlatforms) = preSolution
		Debug|Any CPU = Debug|Any CPU
		Release|Any CPU = Release|Any CPU
	EndGlobalSection
	GlobalSection(ProjectConfigurationPlatforms) = postSolution
		{851615D4-7E72-4718-9511-3D9D212583A3}.Debug|Any CPU.ActiveCfg = Debug|Any CPU
		{851615D4-7E72-4718-9511-3D9D212583A3}.Debug|Any CPU.Build.0 = Debug|Any CPU
		{851615D4-7E72-4718-9511-3D9D212583A3}.Release|Any CPU.ActiveCfg = Release|Any CPU
		{851615D4-7E72-4718-9511-3D9D212583A3}.Release|Any CPU.Build.0 = Release|Any CPU
	EndGlobalSection
	GlobalSection(SolutionProperties) = preSolution
		HideSolutionNode = FALSE
	EndGlobalSection
	GlobalSection(NestedProjects) = preSolution
		{A4F33D3F-2601-4A2E-AB2D-0C2B1E640A96} = {5745E6E0-A5FC-4211-ADF2-7DCA88E16C1E}
		{851615D4-7E72-4718-9511-3D9D212583A3} = {A4F33D3F-2601-4A2E-AB2D-0C2B1E640A96}
	EndGlobalSection
	GlobalSection(ExtensibilityGlobals) = postSolution
		SolutionGuid = {A3B6CCE9-4AE6-4388-B152-64923109F954}
	EndGlobalSection
EndGlobal
