
Microsoft Visual Studio Solution File, Format Version 12.00
# Visual Studio Version 17
VisualStudioVersion = 17.4.33213.308
MinimumVisualStudioVersion = 10.0.40219.1
Project("{FAE04EC0-301F-11D3-BF4B-00C04F79EFBC}") = "ApiGraphMS", "ApiGraphMS.csproj", "{541C0737-E0EE-476E-9602-4EF8AE1F1B17}"
EndProject
Global
	GlobalSection(SolutionConfigurationPlatforms) = preSolution
		Debug|Any CPU = Debug|Any CPU
		Release|Any CPU = Release|Any CPU
	EndGlobalSection
	GlobalSection(ProjectConfigurationPlatforms) = postSolution
		{541C0737-E0EE-476E-9602-4EF8AE1F1B17}.Debug|Any CPU.ActiveCfg = Debug|Any CPU
		{541C0737-E0EE-476E-9602-4EF8AE1F1B17}.Debug|Any CPU.Build.0 = Debug|Any CPU
		{541C0737-E0EE-476E-9602-4EF8AE1F1B17}.Release|Any CPU.ActiveCfg = Release|Any CPU
		{541C0737-E0EE-476E-9602-4EF8AE1F1B17}.Release|Any CPU.Build.0 = Release|Any CPU
	EndGlobalSection
	GlobalSection(SolutionProperties) = preSolution
		HideSolutionNode = FALSE
	EndGlobalSection
	GlobalSection(ExtensibilityGlobals) = postSolution
		SolutionGuid = {1907C86E-D029-45A5-8495-79060929A8E5}
	EndGlobalSection
EndGlobal
