
Microsoft Visual Studio Solution File, Format Version 12.00
# Visual Studio Version 17
VisualStudioVersion = 17.6.33626.354
MinimumVisualStudioVersion = 10.0.40219.1
Project("{FAE04EC0-301F-11D3-BF4B-00C04F79EFBC}") = "PromptChatbot", "PromptChatbot.csproj", "{8E560F73-C01A-4A13-8494-1B828670FBBB}"
EndProject
Global
	GlobalSection(SolutionConfigurationPlatforms) = preSolution
		Debug|Any CPU = Debug|Any CPU
		Release|Any CPU = Release|Any CPU
	EndGlobalSection
	GlobalSection(ProjectConfigurationPlatforms) = postSolution
		{8E560F73-C01A-4A13-8494-1B828670FBBB}.Debug|Any CPU.ActiveCfg = Debug|Any CPU
		{8E560F73-C01A-4A13-8494-1B828670FBBB}.Debug|Any CPU.Build.0 = Debug|Any CPU
		{8E560F73-C01A-4A13-8494-1B828670FBBB}.Release|Any CPU.ActiveCfg = Release|Any CPU
		{8E560F73-C01A-4A13-8494-1B828670FBBB}.Release|Any CPU.Build.0 = Release|Any CPU
	EndGlobalSection
	GlobalSection(SolutionProperties) = preSolution
		HideSolutionNode = FALSE
	EndGlobalSection
	GlobalSection(ExtensibilityGlobals) = postSolution
		SolutionGuid = {2797ED18-AE34-4BEF-ABEA-21D47936AB84}
	EndGlobalSection
EndGlobal
